
Microsoft Visual Studio Solution File, Format Version 12.00
# Visual Studio Version 17
VisualStudioVersion = 17.9.34728.123
MinimumVisualStudioVersion = 10.0.40219.1
Project("{F184B08F-C81C-45F6-A57F-5ABD9991F28F}") = "RubricaVB", "RubricaVB\RubricaVB.vbproj", "{30714A91-A9EC-43BE-A791-21CCB31A1B80}"
EndProject
Global
	GlobalSection(SolutionConfigurationPlatforms) = preSolution
		Debug|Any CPU = Debug|Any CPU
		Release|Any CPU = Release|Any CPU
	EndGlobalSection
	GlobalSection(ProjectConfigurationPlatforms) = postSolution
		{30714A91-A9EC-43BE-A791-21CCB31A1B80}.Debug|Any CPU.ActiveCfg = Debug|Any CPU
		{30714A91-A9EC-43BE-A791-21CCB31A1B80}.Debug|Any CPU.Build.0 = Debug|Any CPU
		{30714A91-A9EC-43BE-A791-21CCB31A1B80}.Release|Any CPU.ActiveCfg = Release|Any CPU
		{30714A91-A9EC-43BE-A791-21CCB31A1B80}.Release|Any CPU.Build.0 = Release|Any CPU
	EndGlobalSection
	GlobalSection(SolutionProperties) = preSolution
		HideSolutionNode = FALSE
	EndGlobalSection
	GlobalSection(ExtensibilityGlobals) = postSolution
		SolutionGuid = {27C2FD45-61E5-41C3-A384-1D291B8DEA1F}
	EndGlobalSection
EndGlobal
